
Microsoft Visual Studio Solution File, Format Version 12.00
# Visual Studio Version 17
VisualStudioVersion = 17.2.32630.192
MinimumVisualStudioVersion = 10.0.40219.1
Project("{FAE04EC0-301F-11D3-BF4B-00C04F79EFBC}") = "WinHue", "WinHue\WinHue.csproj", "{365BF529-2682-4504-A0A2-F714394F35EE}"
EndProject
Global
	GlobalSection(SolutionConfigurationPlatforms) = preSolution
		Debug|Any CPU = Debug|Any CPU
		Release|Any CPU = Release|Any CPU
	EndGlobalSection
	GlobalSection(ProjectConfigurationPlatforms) = postSolution
		{365BF529-2682-4504-A0A2-F714394F35EE}.Debug|Any CPU.ActiveCfg = Debug|Any CPU
		{365BF529-2682-4504-A0A2-F714394F35EE}.Debug|Any CPU.Build.0 = Debug|Any CPU
		{365BF529-2682-4504-A0A2-F714394F35EE}.Release|Any CPU.ActiveCfg = Release|Any CPU
		{365BF529-2682-4504-A0A2-F714394F35EE}.Release|Any CPU.Build.0 = Release|Any CPU
	EndGlobalSection
	GlobalSection(SolutionProperties) = preSolution
		HideSolutionNode = FALSE
	EndGlobalSection
	GlobalSection(ExtensibilityGlobals) = postSolution
		SolutionGuid = {C97D53F1-5144-47A9-9FC6-9BD0171D4F9E}
	EndGlobalSection
EndGlobal
